
Microsoft Visual Studio Solution File, Format Version 12.00
# Visual Studio Version 16
VisualStudioVersion = 16.0.30204.135
MinimumVisualStudioVersion = 10.0.40219.1
Project("{9A19103F-16F7-4668-BE54-9A1E7A4F7556}") = "XFMyDecode2020", "XFMyDecode2020\XFMyDecode2020\XFMyDecode2020.csproj", "{A857E4E9-D4D7-4363-B758-3109556B9CE0}"
EndProject
Project("{FAE04EC0-301F-11D3-BF4B-00C04F79EFBC}") = "XFMyDecode2020.Android", "XFMyDecode2020\XFMyDecode2020.Android\XFMyDecode2020.Android.csproj", "{9426D8C6-5582-4F6F-AF49-F1F54E7737A3}"
EndProject
Project("{FAE04EC0-301F-11D3-BF4B-00C04F79EFBC}") = "XFMyDecode2020.iOS", "XFMyDecode2020\XFMyDecode2020.iOS\XFMyDecode2020.iOS.csproj", "{7F3E37E6-1926-49C2-B2F6-BA6B612BD02D}"
EndProject
Project("{2150E333-8FDC-42A3-9474-1A3956D46DE8}") = "Tools", "Tools", "{27044B5C-6118-4CEA-A953-802A462530D2}"
EndProject
Project("{9A19103F-16F7-4668-BE54-9A1E7A4F7556}") = "GenerateSessionData", "GenerateSessionData\GenerateSessionData.csproj", "{7E600CBF-724A-41D6-9428-ADFD15F99268}"
EndProject
Project("{FAE04EC0-301F-11D3-BF4B-00C04F79EFBC}") = "GetYoutubeUrl", "GetYoutubeUrl\GetYoutubeUrl.csproj", "{4C7E334F-5581-4A44-964C-450BF3D4FEE9}"
EndProject
Project("{2150E333-8FDC-42A3-9474-1A3956D46DE8}") = "Test", "Test", "{ABAC111D-340C-48C3-A185-67AB9C6980E5}"
EndProject
Project("{FAE04EC0-301F-11D3-BF4B-00C04F79EFBC}") = "Test_GetYoutubeUrl", "Test_GetYoutubeUrl\Test_GetYoutubeUrl.csproj", "{2B38B75F-2190-4FD7-B24E-CD51902A0E4E}"
EndProject
Global
	GlobalSection(SolutionConfigurationPlatforms) = preSolution
		Debug_NullableOn|Any CPU = Debug_NullableOn|Any CPU
		Debug_NullableOn|iPhone = Debug_NullableOn|iPhone
		Debug_NullableOn|iPhoneSimulator = Debug_NullableOn|iPhoneSimulator
		Debug|Any CPU = Debug|Any CPU
		Debug|iPhone = Debug|iPhone
		Debug|iPhoneSimulator = Debug|iPhoneSimulator
		Release|Any CPU = Release|Any CPU
		Release|iPhone = Release|iPhone
		Release|iPhoneSimulator = Release|iPhoneSimulator
	EndGlobalSection
	GlobalSection(ProjectConfigurationPlatforms) = postSolution
		{A857E4E9-D4D7-4363-B758-3109556B9CE0}.Debug_NullableOn|Any CPU.ActiveCfg = Debug_NullableOn|Any CPU
		{A857E4E9-D4D7-4363-B758-3109556B9CE0}.Debug_NullableOn|Any CPU.Build.0 = Debug_NullableOn|Any CPU
		{A857E4E9-D4D7-4363-B758-3109556B9CE0}.Debug_NullableOn|iPhone.ActiveCfg = Debug_NullableOn|Any CPU
		{A857E4E9-D4D7-4363-B758-3109556B9CE0}.Debug_NullableOn|iPhone.Build.0 = Debug_NullableOn|Any CPU
		{A857E4E9-D4D7-4363-B758-3109556B9CE0}.Debug_NullableOn|iPhoneSimulator.ActiveCfg = Debug_NullableOn|Any CPU
		{A857E4E9-D4D7-4363-B758-3109556B9CE0}.Debug_NullableOn|iPhoneSimulator.Build.0 = Debug_NullableOn|Any CPU
		{A857E4E9-D4D7-4363-B758-3109556B9CE0}.Debug|Any CPU.ActiveCfg = Debug|Any CPU
		{A857E4E9-D4D7-4363-B758-3109556B9CE0}.Debug|Any CPU.Build.0 = Debug|Any CPU
		{A857E4E9-D4D7-4363-B758-3109556B9CE0}.Debug|iPhone.ActiveCfg = Debug|Any CPU
		{A857E4E9-D4D7-4363-B758-3109556B9CE0}.Debug|iPhone.Build.0 = Debug|Any CPU
		{A857E4E9-D4D7-4363-B758-3109556B9CE0}.Debug|iPhoneSimulator.ActiveCfg = Debug|Any CPU
		{A857E4E9-D4D7-4363-B758-3109556B9CE0}.Debug|iPhoneSimulator.Build.0 = Debug|Any CPU
		{A857E4E9-D4D7-4363-B758-3109556B9CE0}.Release|Any CPU.ActiveCfg = Release|Any CPU
		{A857E4E9-D4D7-4363-B758-3109556B9CE0}.Release|Any CPU.Build.0 = Release|Any CPU
		{A857E4E9-D4D7-4363-B758-3109556B9CE0}.Release|iPhone.ActiveCfg = Release|Any CPU
		{A857E4E9-D4D7-4363-B758-3109556B9CE0}.Release|iPhone.Build.0 = Release|Any CPU
		{A857E4E9-D4D7-4363-B758-3109556B9CE0}.Release|iPhoneSimulator.ActiveCfg = Release|Any CPU
		{A857E4E9-D4D7-4363-B758-3109556B9CE0}.Release|iPhoneSimulator.Build.0 = Release|Any CPU
		{9426D8C6-5582-4F6F-AF49-F1F54E7737A3}.Debug_NullableOn|Any CPU.ActiveCfg = Debug_NullableOn|Any CPU
		{9426D8C6-5582-4F6F-AF49-F1F54E7737A3}.Debug_NullableOn|Any CPU.Build.0 = Debug_NullableOn|Any CPU
		{9426D8C6-5582-4F6F-AF49-F1F54E7737A3}.Debug_NullableOn|Any CPU.Deploy.0 = Debug_NullableOn|Any CPU
		{9426D8C6-5582-4F6F-AF49-F1F54E7737A3}.Debug_NullableOn|iPhone.ActiveCfg = Debug_NullableOn|Any CPU
		{9426D8C6-5582-4F6F-AF49-F1F54E7737A3}.Debug_NullableOn|iPhone.Build.0 = Debug_NullableOn|Any CPU
		{9426D8C6-5582-4F6F-AF49-F1F54E7737A3}.Debug_NullableOn|iPhone.Deploy.0 = Debug_NullableOn|Any CPU
		{9426D8C6-5582-4F6F-AF49-F1F54E7737A3}.Debug_NullableOn|iPhoneSimulator.ActiveCfg = Debug_NullableOn|Any CPU
		{9426D8C6-5582-4F6F-AF49-F1F54E7737A3}.Debug_NullableOn|iPhoneSimulator.Build.0 = Debug_NullableOn|Any CPU
		{9426D8C6-5582-4F6F-AF49-F1F54E7737A3}.Debug_NullableOn|iPhoneSimulator.Deploy.0 = Debug_NullableOn|Any CPU
		{9426D8C6-5582-4F6F-AF49-F1F54E7737A3}.Debug|Any CPU.ActiveCfg = Debug|Any CPU
		{9426D8C6-5582-4F6F-AF49-F1F54E7737A3}.Debug|Any CPU.Build.0 = Debug|Any CPU
		{9426D8C6-5582-4F6F-AF49-F1F54E7737A3}.Debug|Any CPU.Deploy.0 = Debug|Any CPU
		{9426D8C6-5582-4F6F-AF49-F1F54E7737A3}.Debug|iPhone.ActiveCfg = Debug|Any CPU
		{9426D8C6-5582-4F6F-AF49-F1F54E7737A3}.Debug|iPhone.Build.0 = Debug|Any CPU
		{9426D8C6-5582-4F6F-AF49-F1F54E7737A3}.Debug|iPhone.Deploy.0 = Debug|Any CPU
		{9426D8C6-5582-4F6F-AF49-F1F54E7737A3}.Debug|iPhoneSimulator.ActiveCfg = Debug|Any CPU
		{9426D8C6-5582-4F6F-AF49-F1F54E7737A3}.Debug|iPhoneSimulator.Build.0 = Debug|Any CPU
		{9426D8C6-5582-4F6F-AF49-F1F54E7737A3}.Debug|iPhoneSimulator.Deploy.0 = Debug|Any CPU
		{9426D8C6-5582-4F6F-AF49-F1F54E7737A3}.Release|Any CPU.ActiveCfg = Release|Any CPU
		{9426D8C6-5582-4F6F-AF49-F1F54E7737A3}.Release|Any CPU.Build.0 = Release|Any CPU
		{9426D8C6-5582-4F6F-AF49-F1F54E7737A3}.Release|Any CPU.Deploy.0 = Release|Any CPU
		{9426D8C6-5582-4F6F-AF49-F1F54E7737A3}.Release|iPhone.ActiveCfg = Release|Any CPU
		{9426D8C6-5582-4F6F-AF49-F1F54E7737A3}.Release|iPhone.Build.0 = Release|Any CPU
		{9426D8C6-5582-4F6F-AF49-F1F54E7737A3}.Release|iPhone.Deploy.0 = Release|Any CPU
		{9426D8C6-5582-4F6F-AF49-F1F54E7737A3}.Release|iPhoneSimulator.ActiveCfg = Release|Any CPU
		{9426D8C6-5582-4F6F-AF49-F1F54E7737A3}.Release|iPhoneSimulator.Build.0 = Release|Any CPU
		{9426D8C6-5582-4F6F-AF49-F1F54E7737A3}.Release|iPhoneSimulator.Deploy.0 = Release|Any CPU
		{7F3E37E6-1926-49C2-B2F6-BA6B612BD02D}.Debug_NullableOn|Any CPU.ActiveCfg = Debug_NullableOn|iPhone
		{7F3E37E6-1926-49C2-B2F6-BA6B612BD02D}.Debug_NullableOn|iPhone.ActiveCfg = Debug_NullableOn|iPhone
		{7F3E37E6-1926-49C2-B2F6-BA6B612BD02D}.Debug_NullableOn|iPhoneSimulator.ActiveCfg = Debug_NullableOn|iPhoneSimulator
		{7F3E37E6-1926-49C2-B2F6-BA6B612BD02D}.Debug|Any CPU.ActiveCfg = Debug|iPhone
		{7F3E37E6-1926-49C2-B2F6-BA6B612BD02D}.Debug|iPhone.ActiveCfg = Debug|iPhone
		{7F3E37E6-1926-49C2-B2F6-BA6B612BD02D}.Debug|iPhone.Build.0 = Debug|iPhone
		{7F3E37E6-1926-49C2-B2F6-BA6B612BD02D}.Debug|iPhoneSimulator.ActiveCfg = Debug|iPhoneSimulator
		{7F3E37E6-1926-49C2-B2F6-BA6B612BD02D}.Debug|iPhoneSimulator.Build.0 = Debug|iPhoneSimulator
		{7F3E37E6-1926-49C2-B2F6-BA6B612BD02D}.Release|Any CPU.ActiveCfg = Release|iPhone
		{7F3E37E6-1926-49C2-B2F6-BA6B612BD02D}.Release|iPhone.ActiveCfg = Release|iPhone
		{7F3E37E6-1926-49C2-B2F6-BA6B612BD02D}.Release|iPhone.Build.0 = Release|iPhone
		{7F3E37E6-1926-49C2-B2F6-BA6B612BD02D}.Release|iPhoneSimulator.ActiveCfg = Release|iPhoneSimulator
		{7F3E37E6-1926-49C2-B2F6-BA6B612BD02D}.Release|iPhoneSimulator.Build.0 = Release|iPhoneSimulator
		{7E600CBF-724A-41D6-9428-ADFD15F99268}.Debug_NullableOn|Any CPU.ActiveCfg = Debug_NullableOn|Any CPU
		{7E600CBF-724A-41D6-9428-ADFD15F99268}.Debug_NullableOn|Any CPU.Build.0 = Debug_NullableOn|Any CPU
		{7E600CBF-724A-41D6-9428-ADFD15F99268}.Debug_NullableOn|iPhone.ActiveCfg = Debug_NullableOn|Any CPU
		{7E600CBF-724A-41D6-9428-ADFD15F99268}.Debug_NullableOn|iPhone.Build.0 = Debug_NullableOn|Any CPU
		{7E600CBF-724A-41D6-9428-ADFD15F99268}.Debug_NullableOn|iPhoneSimulator.ActiveCfg = Debug_NullableOn|Any CPU
		{7E600CBF-724A-41D6-9428-ADFD15F99268}.Debug_NullableOn|iPhoneSimulator.Build.0 = Debug_NullableOn|Any CPU
		{7E600CBF-724A-41D6-9428-ADFD15F99268}.Debug|Any CPU.ActiveCfg = Debug|Any CPU
		{7E600CBF-724A-41D6-9428-ADFD15F99268}.Debug|Any CPU.Build.0 = Debug|Any CPU
		{7E600CBF-724A-41D6-9428-ADFD15F99268}.Debug|iPhone.ActiveCfg = Debug|Any CPU
		{7E600CBF-724A-41D6-9428-ADFD15F99268}.Debug|iPhone.Build.0 = Debug|Any CPU
		{7E600CBF-724A-41D6-9428-ADFD15F99268}.Debug|iPhoneSimulator.ActiveCfg = Debug|Any CPU
		{7E600CBF-724A-41D6-9428-ADFD15F99268}.Debug|iPhoneSimulator.Build.0 = Debug|Any CPU
		{7E600CBF-724A-41D6-9428-ADFD15F99268}.Release|Any CPU.ActiveCfg = Release|Any CPU
		{7E600CBF-724A-41D6-9428-ADFD15F99268}.Release|Any CPU.Build.0 = Release|Any CPU
		{7E600CBF-724A-41D6-9428-ADFD15F99268}.Release|iPhone.ActiveCfg = Release|Any CPU
		{7E600CBF-724A-41D6-9428-ADFD15F99268}.Release|iPhone.Build.0 = Release|Any CPU
		{7E600CBF-724A-41D6-9428-ADFD15F99268}.Release|iPhoneSimulator.ActiveCfg = Release|Any CPU
		{7E600CBF-724A-41D6-9428-ADFD15F99268}.Release|iPhoneSimulator.Build.0 = Release|Any CPU
		{4C7E334F-5581-4A44-964C-450BF3D4FEE9}.Debug_NullableOn|Any CPU.ActiveCfg = Debug|Any CPU
		{4C7E334F-5581-4A44-964C-450BF3D4FEE9}.Debug_NullableOn|Any CPU.Build.0 = Debug|Any CPU
		{4C7E334F-5581-4A44-964C-450BF3D4FEE9}.Debug_NullableOn|iPhone.ActiveCfg = Debug|Any CPU
		{4C7E334F-5581-4A44-964C-450BF3D4FEE9}.Debug_NullableOn|iPhone.Build.0 = Debug|Any CPU
		{4C7E334F-5581-4A44-964C-450BF3D4FEE9}.Debug_NullableOn|iPhoneSimulator.ActiveCfg = Debug|Any CPU
		{4C7E334F-5581-4A44-964C-450BF3D4FEE9}.Debug_NullableOn|iPhoneSimulator.Build.0 = Debug|Any CPU
		{4C7E334F-5581-4A44-964C-450BF3D4FEE9}.Debug|Any CPU.ActiveCfg = Debug|Any CPU
		{4C7E334F-5581-4A44-964C-450BF3D4FEE9}.Debug|Any CPU.Build.0 = Debug|Any CPU
		{4C7E334F-5581-4A44-964C-450BF3D4FEE9}.Debug|iPhone.ActiveCfg = Debug|Any CPU
		{4C7E334F-5581-4A44-964C-450BF3D4FEE9}.Debug|iPhone.Build.0 = Debug|Any CPU
		{4C7E334F-5581-4A44-964C-450BF3D4FEE9}.Debug|iPhoneSimulator.ActiveCfg = Debug|Any CPU
		{4C7E334F-5581-4A44-964C-450BF3D4FEE9}.Debug|iPhoneSimulator.Build.0 = Debug|Any CPU
		{4C7E334F-5581-4A44-964C-450BF3D4FEE9}.Release|Any CPU.ActiveCfg = Release|Any CPU
		{4C7E334F-5581-4A44-964C-450BF3D4FEE9}.Release|Any CPU.Build.0 = Release|Any CPU
		{4C7E334F-5581-4A44-964C-450BF3D4FEE9}.Release|iPhone.ActiveCfg = Release|Any CPU
		{4C7E334F-5581-4A44-964C-450BF3D4FEE9}.Release|iPhone.Build.0 = Release|Any CPU
		{4C7E334F-5581-4A44-964C-450BF3D4FEE9}.Release|iPhoneSimulator.ActiveCfg = Release|Any CPU
		{4C7E334F-5581-4A44-964C-450BF3D4FEE9}.Release|iPhoneSimulator.Build.0 = Release|Any CPU
		{2B38B75F-2190-4FD7-B24E-CD51902A0E4E}.Debug_NullableOn|Any CPU.ActiveCfg = Debug|Any CPU
		{2B38B75F-2190-4FD7-B24E-CD51902A0E4E}.Debug_NullableOn|Any CPU.Build.0 = Debug|Any CPU
		{2B38B75F-2190-4FD7-B24E-CD51902A0E4E}.Debug_NullableOn|iPhone.ActiveCfg = Debug|Any CPU
		{2B38B75F-2190-4FD7-B24E-CD51902A0E4E}.Debug_NullableOn|iPhone.Build.0 = Debug|Any CPU
		{2B38B75F-2190-4FD7-B24E-CD51902A0E4E}.Debug_NullableOn|iPhoneSimulator.ActiveCfg = Debug|Any CPU
		{2B38B75F-2190-4FD7-B24E-CD51902A0E4E}.Debug_NullableOn|iPhoneSimulator.Build.0 = Debug|Any CPU
		{2B38B75F-2190-4FD7-B24E-CD51902A0E4E}.Debug|Any CPU.ActiveCfg = Debug|Any CPU
		{2B38B75F-2190-4FD7-B24E-CD51902A0E4E}.Debug|Any CPU.Build.0 = Debug|Any CPU
		{2B38B75F-2190-4FD7-B24E-CD51902A0E4E}.Debug|iPhone.ActiveCfg = Debug|Any CPU
		{2B38B75F-2190-4FD7-B24E-CD51902A0E4E}.Debug|iPhone.Build.0 = Debug|Any CPU
		{2B38B75F-2190-4FD7-B24E-CD51902A0E4E}.Debug|iPhoneSimulator.ActiveCfg = Debug|Any CPU
		{2B38B75F-2190-4FD7-B24E-CD51902A0E4E}.Debug|iPhoneSimulator.Build.0 = Debug|Any CPU
		{2B38B75F-2190-4FD7-B24E-CD51902A0E4E}.Release|Any CPU.ActiveCfg = Release|Any CPU
		{2B38B75F-2190-4FD7-B24E-CD51902A0E4E}.Release|Any CPU.Build.0 = Release|Any CPU
		{2B38B75F-2190-4FD7-B24E-CD51902A0E4E}.Release|iPhone.ActiveCfg = Release|Any CPU
		{2B38B75F-2190-4FD7-B24E-CD51902A0E4E}.Release|iPhone.Build.0 = Release|Any CPU
		{2B38B75F-2190-4FD7-B24E-CD51902A0E4E}.Release|iPhoneSimulator.ActiveCfg = Release|Any CPU
		{2B38B75F-2190-4FD7-B24E-CD51902A0E4E}.Release|iPhoneSimulator.Build.0 = Release|Any CPU
	EndGlobalSection
	GlobalSection(SolutionProperties) = preSolution
		HideSolutionNode = FALSE
	EndGlobalSection
	GlobalSection(NestedProjects) = preSolution
		{7E600CBF-724A-41D6-9428-ADFD15F99268} = {27044B5C-6118-4CEA-A953-802A462530D2}
		{4C7E334F-5581-4A44-964C-450BF3D4FEE9} = {27044B5C-6118-4CEA-A953-802A462530D2}
		{2B38B75F-2190-4FD7-B24E-CD51902A0E4E} = {ABAC111D-340C-48C3-A185-67AB9C6980E5}
	EndGlobalSection
	GlobalSection(ExtensibilityGlobals) = postSolution
		SolutionGuid = {F44EA890-CD34-4C0E-A710-315B65E4F85B}
	EndGlobalSection
EndGlobal
